
Microsoft Visual Studio Solution File, Format Version 12.00
# Visual Studio Version 16
VisualStudioVersion = 16.0.30717.126
MinimumVisualStudioVersion = 10.0.40219.1
Project("{FAE04EC0-301F-11D3-BF4B-00C04F79EFBC}") = "GameLauncher", "GameLauncher\GameLauncher.csproj", "{D683BEC6-312A-48A2-A99A-1C2A3D70F11E}"
EndProject
Global
	GlobalSection(SolutionConfigurationPlatforms) = preSolution
		Debug|Any CPU = Debug|Any CPU
		Release|Any CPU = Release|Any CPU
	EndGlobalSection
	GlobalSection(ProjectConfigurationPlatforms) = postSolution
		{D683BEC6-312A-48A2-A99A-1C2A3D70F11E}.Debug|Any CPU.ActiveCfg = Debug|Any CPU
		{D683BEC6-312A-48A2-A99A-1C2A3D70F11E}.Debug|Any CPU.Build.0 = Debug|Any CPU
		{D683BEC6-312A-48A2-A99A-1C2A3D70F11E}.Release|Any CPU.ActiveCfg = Release|Any CPU
		{D683BEC6-312A-48A2-A99A-1C2A3D70F11E}.Release|Any CPU.Build.0 = Release|Any CPU
	EndGlobalSection
	GlobalSection(SolutionProperties) = preSolution
		HideSolutionNode = FALSE
	EndGlobalSection
	GlobalSection(ExtensibilityGlobals) = postSolution
		SolutionGuid = {7220C949-A829-4B04-A6DF-671B2EB6648A}
	EndGlobalSection
EndGlobal
